
Microsoft Visual Studio Solution File, Format Version 12.00
# Visual Studio Version 16
VisualStudioVersion = 16.0.30711.63
MinimumVisualStudioVersion = 10.0.40219.1
Project("{FAE04EC0-301F-11D3-BF4B-00C04F79EFBC}") = "Week1Challenge1", "Week1Challenge1\Week1Challenge1.csproj", "{F930A15D-CA4E-4703-801B-7A12B191F478}"
EndProject
Global
	GlobalSection(SolutionConfigurationPlatforms) = preSolution
		Debug|Any CPU = Debug|Any CPU
		Release|Any CPU = Release|Any CPU
	EndGlobalSection
	GlobalSection(ProjectConfigurationPlatforms) = postSolution
		{F930A15D-CA4E-4703-801B-7A12B191F478}.Debug|Any CPU.ActiveCfg = Debug|Any CPU
		{F930A15D-CA4E-4703-801B-7A12B191F478}.Debug|Any CPU.Build.0 = Debug|Any CPU
		{F930A15D-CA4E-4703-801B-7A12B191F478}.Release|Any CPU.ActiveCfg = Release|Any CPU
		{F930A15D-CA4E-4703-801B-7A12B191F478}.Release|Any CPU.Build.0 = Release|Any CPU
	EndGlobalSection
	GlobalSection(SolutionProperties) = preSolution
		HideSolutionNode = FALSE
	EndGlobalSection
	GlobalSection(ExtensibilityGlobals) = postSolution
		SolutionGuid = {E0373CA1-E70C-4A39-A4FA-A2FB6767AA60}
	EndGlobalSection
EndGlobal
